
Microsoft Visual Studio Solution File, Format Version 12.00
# Visual Studio Version 16
VisualStudioVersion = 16.0.30104.148
MinimumVisualStudioVersion = 10.0.40219.1
Project("{FAE04EC0-301F-11D3-BF4B-00C04F79EFBC}") = "ATAHelper", "ATAHelper\ATAHelper.csproj", "{074E4EEF-8773-4309-9102-1B89DB2EC91D}"
EndProject
Global
	GlobalSection(SolutionConfigurationPlatforms) = preSolution
		Debug|Any CPU = Debug|Any CPU
		Release|Any CPU = Release|Any CPU
	EndGlobalSection
	GlobalSection(ProjectConfigurationPlatforms) = postSolution
		{074E4EEF-8773-4309-9102-1B89DB2EC91D}.Debug|Any CPU.ActiveCfg = Debug|Any CPU
		{074E4EEF-8773-4309-9102-1B89DB2EC91D}.Debug|Any CPU.Build.0 = Debug|Any CPU
		{074E4EEF-8773-4309-9102-1B89DB2EC91D}.Release|Any CPU.ActiveCfg = Release|Any CPU
		{074E4EEF-8773-4309-9102-1B89DB2EC91D}.Release|Any CPU.Build.0 = Release|Any CPU
	EndGlobalSection
	GlobalSection(SolutionProperties) = preSolution
		HideSolutionNode = FALSE
	EndGlobalSection
	GlobalSection(ExtensibilityGlobals) = postSolution
		SolutionGuid = {47E0B997-9F92-4AC9-BC11-62D9F1ADA8D9}
	EndGlobalSection
EndGlobal
